
Microsoft Visual Studio Solution File, Format Version 12.00
# Visual Studio Version 16
VisualStudioVersion = 16.0.30225.117
MinimumVisualStudioVersion = 10.0.40219.1
Project("{FAE04EC0-301F-11D3-BF4B-00C04F79EFBC}") = "StaticExercise", "StaticExercise\StaticExercise.csproj", "{737756AA-0D92-40A7-B569-E6E23F1011ED}"
EndProject
Global
	GlobalSection(SolutionConfigurationPlatforms) = preSolution
		Debug|Any CPU = Debug|Any CPU
		Release|Any CPU = Release|Any CPU
	EndGlobalSection
	GlobalSection(ProjectConfigurationPlatforms) = postSolution
		{737756AA-0D92-40A7-B569-E6E23F1011ED}.Debug|Any CPU.ActiveCfg = Debug|Any CPU
		{737756AA-0D92-40A7-B569-E6E23F1011ED}.Debug|Any CPU.Build.0 = Debug|Any CPU
		{737756AA-0D92-40A7-B569-E6E23F1011ED}.Release|Any CPU.ActiveCfg = Release|Any CPU
		{737756AA-0D92-40A7-B569-E6E23F1011ED}.Release|Any CPU.Build.0 = Release|Any CPU
	EndGlobalSection
	GlobalSection(SolutionProperties) = preSolution
		HideSolutionNode = FALSE
	EndGlobalSection
	GlobalSection(ExtensibilityGlobals) = postSolution
		SolutionGuid = {092ADA1D-2569-46F5-B3A8-75E17C27D929}
	EndGlobalSection
EndGlobal
